// !$*UTF8*$!
{
	archiveVersion = 1;
	classes = {
	};
	objectVersion = 56;
	objects = {

/* Begin PBXBuildFile section */
		793A59D8291E81B200A04B99 /* MovieDetailView.swift in Sources */ = {isa = PBXBuildFile; fileRef = 793A59D7291E81B200A04B99 /* MovieDetailView.swift */; };
		C07698F4291A07F7009E3C67 /* Movie.swift in Sources */ = {isa = PBXBuildFile; fileRef = C07698F3291A07F7009E3C67 /* Movie.swift */; };
		C0AD26402904519C005C4A93 /* First_AppApp.swift in Sources */ = {isa = PBXBuildFile; fileRef = C0AD263F2904519C005C4A93 /* First_AppApp.swift */; };
		C0AD26422904519C005C4A93 /* ContentView.swift in Sources */ = {isa = PBXBuildFile; fileRef = C0AD26412904519C005C4A93 /* ContentView.swift */; };
		C0AD26442904519D005C4A93 /* Assets.xcassets in Resources */ = {isa = PBXBuildFile; fileRef = C0AD26432904519D005C4A93 /* Assets.xcassets */; };
		C0AD26472904519D005C4A93 /* Preview Assets.xcassets in Resources */ = {isa = PBXBuildFile; fileRef = C0AD26462904519D005C4A93 /* Preview Assets.xcassets */; };
		C0EED5672920A7C7002EE52D /* MovieApi.swift in Sources */ = {isa = PBXBuildFile; fileRef = C0EED5662920A7C7002EE52D /* MovieApi.swift */; };
		C0FCAFF9291CDFFE0053BC71 /* MovieCard.swift in Sources */ = {isa = PBXBuildFile; fileRef = C0FCAFF8291CDFFE0053BC71 /* MovieCard.swift */; };
/* End PBXBuildFile section */

/* Begin PBXFileReference section */
		793A59D7291E81B200A04B99 /* MovieDetailView.swift */ = {isa = PBXFileReference; lastKnownFileType = sourcecode.swift; path = MovieDetailView.swift; sourceTree = "<group>"; };
		C07698F3291A07F7009E3C67 /* Movie.swift */ = {isa = PBXFileReference; lastKnownFileType = sourcecode.swift; path = Movie.swift; sourceTree = "<group>"; };
		C0AD263C2904519C005C4A93 /* First App.app */ = {isa = PBXFileReference; explicitFileType = wrapper.application; includeInIndex = 0; path = "First App.app"; sourceTree = BUILT_PRODUCTS_DIR; };
		C0AD263F2904519C005C4A93 /* First_AppApp.swift */ = {isa = PBXFileReference; lastKnownFileType = sourcecode.swift; path = First_AppApp.swift; sourceTree = "<group>"; };
		C0AD26412904519C005C4A93 /* ContentView.swift */ = {isa = PBXFileReference; lastKnownFileType = sourcecode.swift; path = ContentView.swift; sourceTree = "<group>"; };
		C0AD26432904519D005C4A93 /* Assets.xcassets */ = {isa = PBXFileReference; lastKnownFileType = folder.assetcatalog; path = Assets.xcassets; sourceTree = "<group>"; };
		C0AD26462904519D005C4A93 /* Preview Assets.xcassets */ = {isa = PBXFileReference; lastKnownFileType = folder.assetcatalog; path = "Preview Assets.xcassets"; sourceTree = "<group>"; };
		C0EED5662920A7C7002EE52D /* MovieApi.swift */ = {isa = PBXFileReference; lastKnownFileType = sourcecode.swift; path = MovieApi.swift; sourceTree = "<group>"; };
		C0FCAFF8291CDFFE0053BC71 /* MovieCard.swift */ = {isa = PBXFileReference; lastKnownFileType = sourcecode.swift; path = MovieCard.swift; sourceTree = "<group>"; };
/* End PBXFileReference section */

/* Begin PBXFrameworksBuildPhase section */
		C0AD26392904519C005C4A93 /* Frameworks */ = {
			isa = PBXFrameworksBuildPhase;
			buildActionMask = 2147483647;
			files = (
			);
			runOnlyForDeploymentPostprocessing = 0;
		};
/* End PBXFrameworksBuildPhase section */

/* Begin PBXGroup section */
		C0AD26332904519C005C4A93 = {
			isa = PBXGroup;
			children = (
				C0AD263E2904519C005C4A93 /* First App */,
				C0AD263D2904519C005C4A93 /* Products */,
			);
			sourceTree = "<group>";
		};
		C0AD263D2904519C005C4A93 /* Products */ = {
			isa = PBXGroup;
			children = (
				C0AD263C2904519C005C4A93 /* First App.app */,
			);
			name = Products;
			sourceTree = "<group>";
		};
		C0AD263E2904519C005C4A93 /* First App */ = {
			isa = PBXGroup;
			children = (
				C0AD263F2904519C005C4A93 /* First_AppApp.swift */,
				C0AD26412904519C005C4A93 /* ContentView.swift */,
				C07698F3291A07F7009E3C67 /* Movie.swift */,
				C0EED5662920A7C7002EE52D /* MovieApi.swift */,
				C0FCAFF8291CDFFE0053BC71 /* MovieCard.swift */,
				793A59D7291E81B200A04B99 /* MovieDetailView.swift */,
				C0AD26432904519D005C4A93 /* Assets.xcassets */,
				C0AD26452904519D005C4A93 /* Preview Content */,
			);
			path = "First App";
			sourceTree = "<group>";
		};
		C0AD26452904519D005C4A93 /* Preview Content */ = {
			isa = PBXGroup;
			children = (
				C0AD26462904519D005C4A93 /* Preview Assets.xcassets */,
			);
			path = "Preview Content";
			sourceTree = "<group>";
		};
/* End PBXGroup section */

/* Begin PBXNativeTarget section */
		C0AD263B2904519C005C4A93 /* First App */ = {
			isa = PBXNativeTarget;
			buildConfigurationList = C0AD264A2904519D005C4A93 /* Build configuration list for PBXNativeTarget "First App" */;
			buildPhases = (
				C0AD26382904519C005C4A93 /* Sources */,
				C0AD26392904519C005C4A93 /* Frameworks */,
				C0AD263A2904519C005C4A93 /* Resources */,
			);
			buildRules = (
			);
			dependencies = (
			);
			name = "First App";
			productName = "First App";
			productReference = C0AD263C2904519C005C4A93 /* First App.app */;
			productType = "com.apple.product-type.application";
		};
/* End PBXNativeTarget section */

/* Begin PBXProject section */
		C0AD26342904519C005C4A93 /* Project object */ = {
			isa = PBXProject;
			attributes = {
				BuildIndependentTargetsInParallel = 1;
				LastSwiftUpdateCheck = 1400;
				LastUpgradeCheck = 1400;
				TargetAttributes = {
					C0AD263B2904519C005C4A93 = {
						CreatedOnToolsVersion = 14.0.1;
					};
				};
			};
			buildConfigurationList = C0AD26372904519C005C4A93 /* Build configuration list for PBXProject "First App" */;
			compatibilityVersion = "Xcode 14.0";
			developmentRegion = en;
			hasScannedForEncodings = 0;
			knownRegions = (
				en,
				Base,
			);
			mainGroup = C0AD26332904519C005C4A93;
			productRefGroup = C0AD263D2904519C005C4A93 /* Products */;
			projectDirPath = "";
			projectRoot = "";
			targets = (
				C0AD263B2904519C005C4A93 /* First App */,
			);
		};
/* End PBXProject section */

/* Begin PBXResourcesBuildPhase section */
		C0AD263A2904519C005C4A93 /* Resources */ = {
			isa = PBXResourcesBuildPhase;
			buildActionMask = 2147483647;
			files = (
				C0AD26472904519D005C4A93 /* Preview Assets.xcassets in Resources */,
				C0AD26442904519D005C4A93 /* Assets.xcassets in Resources */,
			);
			runOnlyForDeploymentPostprocessing = 0;
		};
/* End PBXResourcesBuildPhase section */

/* Begin PBXSourcesBuildPhase section */
		C0AD26382904519C005C4A93 /* Sources */ = {
			isa = PBXSourcesBuildPhase;
			buildActionMask = 2147483647;
			files = (
				793A59D8291E81B200A04B99 /* MovieDetailView.swift in Sources */,
				C0EED5672920A7C7002EE52D /* MovieApi.swift in Sources */,
				C0FCAFF9291CDFFE0053BC71 /* MovieCard.swift in Sources */,
				C0AD26422904519C005C4A93 /* ContentView.swift in Sources */,
				C0AD26402904519C005C4A93 /* First_AppApp.swift in Sources */,
				C07698F4291A07F7009E3C67 /* Movie.swift in Sources */,
			);
			runOnlyForDeploymentPostprocessing = 0;
		};
/* End PBXSourcesBuildPhase section */

/* Begin XCBuildConfiguration section */
		C0AD26482904519D005C4A93 /* Debug */ = {
			isa = XCBuildConfiguration;
			buildSettings = {
				ALWAYS_SEARCH_USER_PATHS = NO;
				CLANG_ANALYZER_NONNULL = YES;
				CLANG_ANALYZER_NUMBER_OBJECT_CONVERSION = YES_AGGRESSIVE;
				CLANG_CXX_LANGUAGE_STANDARD = "gnu++20";
				CLANG_ENABLE_MODULES = YES;
				CLANG_ENABLE_OBJC_ARC = YES;
				CLANG_ENABLE_OBJC_WEAK = YES;
				CLANG_WARN_BLOCK_CAPTURE_AUTORELEASING = YES;
				CLANG_WARN_BOOL_CONVERSION = YES;
				CLANG_WARN_COMMA = YES;
				CLANG_WARN_CONSTANT_CONVERSION = YES;
				CLANG_WARN_DEPRECATED_OBJC_IMPLEMENTATIONS = YES;
				CLANG_WARN_DIRECT_OBJC_ISA_USAGE = YES_ERROR;
				CLANG_WARN_DOCUMENTATION_COMMENTS = YES;
				CLANG_WARN_EMPTY_BODY = YES;
				CLANG_WARN_ENUM_CONVERSION = YES;
				CLANG_WARN_INFINITE_RECURSION = YES;
				CLANG_WARN_INT_CONVERSION = YES;
				CLANG_WARN_NON_LITERAL_NULL_CONVERSION = YES;
				CLANG_WARN_OBJC_IMPLICIT_RETAIN_SELF = YES;
				CLANG_WARN_OBJC_LITERAL_CONVERSION = YES;
				CLANG_WARN_OBJC_ROOT_CLASS = YES_ERROR;
				CLANG_WARN_QUOTED_INCLUDE_IN_FRAMEWORK_HEADER = YES;
				CLANG_WARN_RANGE_LOOP_ANALYSIS = YES;
				CLANG_WARN_STRICT_PROTOTYPES = YES;
				CLANG_WARN_SUSPICIOUS_MOVE = YES;
				CLANG_WARN_UNGUARDED_AVAILABILITY = YES_AGGRESSIVE;
				CLANG_WARN_UNREACHABLE_CODE = YES;
				CLANG_WARN__DUPLICATE_METHOD_MATCH = YES;
				COPY_PHASE_STRIP = NO;
				DEBUG_INFORMATION_FORMAT = dwarf;
				ENABLE_STRICT_OBJC_MSGSEND = YES;
				ENABLE_TESTABILITY = YES;
				GCC_C_LANGUAGE_STANDARD = gnu11;
				GCC_DYNAMIC_NO_PIC = NO;
				GCC_NO_COMMON_BLOCKS = YES;
				GCC_OPTIMIZATION_LEVEL = 0;
				GCC_PREPROCESSOR_DEFINITIONS = (
					"DEBUG=1",
					"$(inherited)",
				);
				GCC_WARN_64_TO_32_BIT_CONVERSION = YES;
				GCC_WARN_ABOUT_RETURN_TYPE = YES_ERROR;
				GCC_WARN_UNDECLARED_SELECTOR = YES;
				GCC_WARN_UNINITIALIZED_AUTOS = YES_AGGRESSIVE;
				GCC_WARN_UNUSED_FUNCTION = YES;
				GCC_WARN_UNUSED_VARIABLE = YES;
				IPHONEOS_DEPLOYMENT_TARGET = 16.0;
				MTL_ENABLE_DEBUG_INFO = INCLUDE_SOURCE;
				MTL_FAST_MATH = YES;
				ONLY_ACTIVE_ARCH = YES;
				SDKROOT = iphoneos;
				SWIFT_ACTIVE_COMPILATION_CONDITIONS = DEBUG;
				SWIFT_OPTIMIZATION_LEVEL = "-Onone";
			};
			name = Debug;
		};
		C0AD26492904519D005C4A93 /* Release */ = {
			isa = XCBuildConfiguration;
			buildSettings = {
				ALWAYS_SEARCH_USER_PATHS = NO;
				CLANG_ANALYZER_NONNULL = YES;
				CLANG_ANALYZER_NUMBER_OBJECT_CONVERSION = YES_AGGRESSIVE;
				CLANG_CXX_LANGUAGE_STANDARD = "gnu++20";
				CLANG_ENABLE_MODULES = YES;
				CLANG_ENABLE_OBJC_ARC = YES;
				CLANG_ENABLE_OBJC_WEAK = YES;
				CLANG_WARN_BLOCK_CAPTURE_AUTORELEASING = YES;
				CLANG_WARN_BOOL_CONVERSION = YES;
				CLANG_WARN_COMMA = YES;
				CLANG_WARN_CONSTANT_CONVERSION = YES;
				CLANG_WARN_DEPRECATED_OBJC_IMPLEMENTATIONS = YES;
				CLANG_WARN_DIRECT_OBJC_ISA_USAGE = YES_ERROR;
				CLANG_WARN_DOCUMENTATION_COMMENTS = YES;
				CLANG_WARN_EMPTY_BODY = YES;
				CLANG_WARN_ENUM_CONVERSION = YES;
				CLANG_WARN_INFINITE_RECURSION = YES;
				CLANG_WARN_INT_CONVERSION = YES;
				CLANG_WARN_NON_LITERAL_NULL_CONVERSION = YES;
				CLANG_WARN_OBJC_IMPLICIT_RETAIN_SELF = YES;
				CLANG_WARN_OBJC_LITERAL_CONVERSION = YES;
				CLANG_WARN_OBJC_ROOT_CLASS = YES_ERROR;
				CLANG_WARN_QUOTED_INCLUDE_IN_FRAMEWORK_HEADER = YES;
				CLANG_WARN_RANGE_LOOP_ANALYSIS = YES;
				CLANG_WARN_STRICT_PROTOTYPES = YES;
				CLANG_WARN_SUSPICIOUS_MOVE = YES;
				CLANG_WARN_UNGUARDED_AVAILABILITY = YES_AGGRESSIVE;
				CLANG_WARN_UNREACHABLE_CODE = YES;
				CLANG_WARN__DUPLICATE_METHOD_MATCH = YES;
				COPY_PHASE_STRIP = NO;
				DEBUG_INFORMATION_FORMAT = "dwarf-with-dsym";
				ENABLE_NS_ASSERTIONS = NO;
				ENABLE_STRICT_OBJC_MSGSEND = YES;
				GCC_C_LANGUAGE_STANDARD = gnu11;
				GCC_NO_COMMON_BLOCKS = YES;
				GCC_WARN_64_TO_32_BIT_CONVERSION = YES;
				GCC_WARN_ABOUT_RETURN_TYPE = YES_ERROR;
				GCC_WARN_UNDECLARED_SELECTOR = YES;
				GCC_WARN_UNINITIALIZED_AUTOS = YES_AGGRESSIVE;
				GCC_WARN_UNUSED_FUNCTION = YES;
				GCC_WARN_UNUSED_VARIABLE = YES;
				IPHONEOS_DEPLOYMENT_TARGET = 16.0;
				MTL_ENABLE_DEBUG_INFO = NO;
				MTL_FAST_MATH = YES;
				SDKROOT = iphoneos;
				SWIFT_COMPILATION_MODE = wholemodule;
				SWIFT_OPTIMIZATION_LEVEL = "-O";
				VALIDATE_PRODUCT = YES;
			};
			name = Release;
		};
		C0AD264B2904519D005C4A93 /* Debug */ = {
			isa = XCBuildConfiguration;
			buildSettings = {
				ASSETCATALOG_COMPILER_APPICON_NAME = AppIcon;
				ASSETCATALOG_COMPILER_GLOBAL_ACCENT_COLOR_NAME = AccentColor;
				CODE_SIGN_STYLE = Automatic;
				CURRENT_PROJECT_VERSION = 1;
				DEVELOPMENT_ASSET_PATHS = "\"First App/Preview Content\"";
				ENABLE_PREVIEWS = YES;
				GENERATE_INFOPLIST_FILE = YES;
				INFOPLIST_KEY_UIApplicationSceneManifest_Generation = YES;
				INFOPLIST_KEY_UIApplicationSupportsIndirectInputEvents = YES;
				INFOPLIST_KEY_UILaunchScreen_Generation = YES;
				INFOPLIST_KEY_UISupportedInterfaceOrientations_iPad = "UIInterfaceOrientationPortrait UIInterfaceOrientationPortraitUpsideDown UIInterfaceOrientationLandscapeLeft UIInterfaceOrientationLandscapeRight";
				INFOPLIST_KEY_UISupportedInterfaceOrientations_iPhone = "UIInterfaceOrientationPortrait UIInterfaceOrientationLandscapeLeft UIInterfaceOrientationLandscapeRight";
				LD_RUNPATH_SEARCH_PATHS = (
					"$(inherited)",
					"@executable_path/Frameworks",
				);
				MARKETING_VERSION = 1.0;
				PRODUCT_BUNDLE_IDENTIFIER = "com.developers-zone.First-App";
				PRODUCT_NAME = "$(TARGET_NAME)";
				SWIFT_EMIT_LOC_STRINGS = YES;
				SWIFT_VERSION = 5.0;
				TARGETED_DEVICE_FAMILY = "1,2";
			};
			name = Debug;
		};
		C0AD264C2904519D005C4A93 /* Release */ = {
			isa = XCBuildConfiguration;
			buildSettings = {
				ASSETCATALOG_COMPILER_APPICON_NAME = AppIcon;
				ASSETCATALOG_COMPILER_GLOBAL_ACCENT_COLOR_NAME = AccentColor;
				CODE_SIGN_STYLE = Automatic;
				CURRENT_PROJECT_VERSION = 1;
				DEVELOPMENT_ASSET_PATHS = "\"First App/Preview Content\"";
				ENABLE_PREVIEWS = YES;
				GENERATE_INFOPLIST_FILE = YES;
				INFOPLIST_KEY_UIApplicationSceneManifest_Generation = YES;
				INFOPLIST_KEY_UIApplicationSupportsIndirectInputEvents = YES;
				INFOPLIST_KEY_UILaunchScreen_Generation = YES;
				INFOPLIST_KEY_UISupportedInterfaceOrientations_iPad = "UIInterfaceOrientationPortrait UIInterfaceOrientationPortraitUpsideDown UIInterfaceOrientationLandscapeLeft UIInterfaceOrientationLandscapeRight";
				INFOPLIST_KEY_UISupportedInterfaceOrientations_iPhone = "UIInterfaceOrientationPortrait UIInterfaceOrientationLandscapeLeft UIInterfaceOrientationLandscapeRight";
				LD_RUNPATH_SEARCH_PATHS = (
					"$(inherited)",
					"@executable_path/Frameworks",
				);
				MARKETING_VERSION = 1.0;
				PRODUCT_BUNDLE_IDENTIFIER = "com.developers-zone.First-App";
				PRODUCT_NAME = "$(TARGET_NAME)";
				SWIFT_EMIT_LOC_STRINGS = YES;
				SWIFT_VERSION = 5.0;
				TARGETED_DEVICE_FAMILY = "1,2";
			};
			name = Release;
		};
/* End XCBuildConfiguration section */

/* Begin XCConfigurationList section */
		C0AD26372904519C005C4A93 /* Build configuration list for PBXProject "First App" */ = {
			isa = XCConfigurationList;
			buildConfigurations = (
				C0AD26482904519D005C4A93 /* Debug */,
				C0AD26492904519D005C4A93 /* Release */,
			);
			defaultConfigurationIsVisible = 0;
			defaultConfigurationName = Release;
		};
		C0AD264A2904519D005C4A93 /* Build configuration list for PBXNativeTarget "First App" */ = {
			isa = XCConfigurationList;
			buildConfigurations = (
				C0AD264B2904519D005C4A93 /* Debug */,
				C0AD264C2904519D005C4A93 /* Release */,
			);
			defaultConfigurationIsVisible = 0;
			defaultConfigurationName = Release;
		};
/* End XCConfigurationList section */
	};
	rootObject = C0AD26342904519C005C4A93 /* Project object */;
}
